
Microsoft Visual Studio Solution File, Format Version 12.00
# Visual Studio Version 17
VisualStudioVersion = 17.8.34330.188
MinimumVisualStudioVersion = 10.0.40219.1
Project("{FAE04EC0-301F-11D3-BF4B-00C04F79EFBC}") = "ExcelDBCrossViewer", "ExcelDBCrossViewer\ExcelDBCrossViewer.csproj", "{B02279D6-5EF0-4053-98F6-99AA3C8CF628}"
EndProject
Global
	GlobalSection(SolutionConfigurationPlatforms) = preSolution
		Debug|Any CPU = Debug|Any CPU
		Release|Any CPU = Release|Any CPU
	EndGlobalSection
	GlobalSection(ProjectConfigurationPlatforms) = postSolution
		{B02279D6-5EF0-4053-98F6-99AA3C8CF628}.Debug|Any CPU.ActiveCfg = Debug|Any CPU
		{B02279D6-5EF0-4053-98F6-99AA3C8CF628}.Debug|Any CPU.Build.0 = Debug|Any CPU
		{B02279D6-5EF0-4053-98F6-99AA3C8CF628}.Release|Any CPU.ActiveCfg = Release|Any CPU
		{B02279D6-5EF0-4053-98F6-99AA3C8CF628}.Release|Any CPU.Build.0 = Release|Any CPU
	EndGlobalSection
	GlobalSection(SolutionProperties) = preSolution
		HideSolutionNode = FALSE
	EndGlobalSection
	GlobalSection(ExtensibilityGlobals) = postSolution
		SolutionGuid = {00785F62-18A1-4741-AFB9-80C36371F318}
	EndGlobalSection
EndGlobal
